
Microsoft Visual Studio Solution File, Format Version 12.00
# Visual Studio Version 17
VisualStudioVersion = 17.0.31903.59
MinimumVisualStudioVersion = 10.0.40219.1
Project("{2150E333-8FDC-42A3-9474-1A3956D46DE8}") = "src", "src", "{827E0CD3-B72D-47B6-A68D-7590B98EB39B}"
EndProject
Project("{2150E333-8FDC-42A3-9474-1A3956D46DE8}") = "shared", "shared", "{C8E42992-5E42-0C2B-DBFE-AA848D06431C}"
EndProject
Project("{FAE04EC0-301F-11D3-BF4B-00C04F79EFBC}") = "Custodian.Shared", "src\shared\Custodian.Shared\Custodian.Shared.csproj", "{52EB94EE-0390-4CD2-BC0C-1F6732AEF72A}"
EndProject
Project("{FAE04EC0-301F-11D3-BF4B-00C04F79EFBC}") = "Custodian.Shared.Reporting", "src\shared\Custodian.Shared.Reporting\Custodian.Shared.Reporting.csproj", "{FBA799D8-F57B-481A-8CB1-872EFDCEB1CD}"
EndProject
Project("{FAE04EC0-301F-11D3-BF4B-00C04F79EFBC}") = "Identity", "src\services\Identity\Identity.csproj", "{5356BD1F-82A5-49B0-A968-95448674F5C9}"
EndProject
Project("{FAE04EC0-301F-11D3-BF4B-00C04F79EFBC}") = "Workflow", "src\services\Workflow\Workflow.csproj", "{8B1BD807-BAB5-427B-A26E-45032E040AE0}"
EndProject
Project("{FAE04EC0-301F-11D3-BF4B-00C04F79EFBC}") = "Documents", "src\services\Documents\Documents.csproj", "{AE4F2C15-31F0-4C97-B07A-E27C728D7648}"
EndProject
Project("{FAE04EC0-301F-11D3-BF4B-00C04F79EFBC}") = "Audit", "src\services\Audit\Audit.csproj", "{67982B6C-2D9A-4386-B6EF-5CB1D86E98CD}"
EndProject
Project("{FAE04EC0-301F-11D3-BF4B-00C04F79EFBC}") = "Custodian.Shared.Tests", "tests\Custodian.Shared.Tests\Custodian.Shared.Tests.csproj", "{682C3EF9-43C3-491D-BAC9-CF843231B43E}"
EndProject
Project("{FAE04EC0-301F-11D3-BF4B-00C04F79EFBC}") = "Custodian.Workflow.Tests", "tests\Custodian.Workflow.Tests\Custodian.Workflow.Tests.csproj", "{9A2B3C4D-5E6F-7A8B-9C0D-1E2F3A4B5C6D}"
EndProject
Project("{2150E333-8FDC-42A3-9474-1A3956D46DE8}") = "tests", "tests", "{0AB3BF05-4346-4AA6-1389-037BE0695223}"
EndProject
Project("{FAE04EC0-301F-11D3-BF4B-00C04F79EFBC}") = "Custodian.Audit.Tests", "tests\Custodian.Audit.Tests\Custodian.Audit.Tests.csproj", "{31511EB5-5108-4830-81EA-22EE9D8592BD}"
EndProject
Project("{2150E333-8FDC-42A3-9474-1A3956D46DE8}") = "services", "services", "{984BB9B3-3FA3-BE33-9484-CAC21695A33C}"
EndProject
Project("{FAE04EC0-301F-11D3-BF4B-00C04F79EFBC}") = "Custodian.Documents.Tests", "tests\Custodian.Documents.Tests\Custodian.Documents.Tests.csproj", "{28880B6A-31BC-4D55-A480-1F95F034A75A}"
EndProject
Global
	GlobalSection(SolutionConfigurationPlatforms) = preSolution
		Debug|Any CPU = Debug|Any CPU
		Debug|x64 = Debug|x64
		Debug|x86 = Debug|x86
		Release|Any CPU = Release|Any CPU
		Release|x64 = Release|x64
		Release|x86 = Release|x86
	EndGlobalSection
	GlobalSection(ProjectConfigurationPlatforms) = postSolution
		{52EB94EE-0390-4CD2-BC0C-1F6732AEF72A}.Debug|Any CPU.ActiveCfg = Debug|Any CPU
		{52EB94EE-0390-4CD2-BC0C-1F6732AEF72A}.Debug|Any CPU.Build.0 = Debug|Any CPU
		{52EB94EE-0390-4CD2-BC0C-1F6732AEF72A}.Debug|x64.ActiveCfg = Debug|Any CPU
		{52EB94EE-0390-4CD2-BC0C-1F6732AEF72A}.Debug|x64.Build.0 = Debug|Any CPU
		{52EB94EE-0390-4CD2-BC0C-1F6732AEF72A}.Debug|x86.ActiveCfg = Debug|Any CPU
		{52EB94EE-0390-4CD2-BC0C-1F6732AEF72A}.Debug|x86.Build.0 = Debug|Any CPU
		{52EB94EE-0390-4CD2-BC0C-1F6732AEF72A}.Release|Any CPU.ActiveCfg = Release|Any CPU
		{52EB94EE-0390-4CD2-BC0C-1F6732AEF72A}.Release|Any CPU.Build.0 = Release|Any CPU
		{52EB94EE-0390-4CD2-BC0C-1F6732AEF72A}.Release|x64.ActiveCfg = Release|Any CPU
		{52EB94EE-0390-4CD2-BC0C-1F6732AEF72A}.Release|x64.Build.0 = Release|Any CPU
		{52EB94EE-0390-4CD2-BC0C-1F6732AEF72A}.Release|x86.ActiveCfg = Release|Any CPU
		{52EB94EE-0390-4CD2-BC0C-1F6732AEF72A}.Release|x86.Build.0 = Release|Any CPU
		{FBA799D8-F57B-481A-8CB1-872EFDCEB1CD}.Debug|Any CPU.ActiveCfg = Debug|Any CPU
		{FBA799D8-F57B-481A-8CB1-872EFDCEB1CD}.Debug|Any CPU.Build.0 = Debug|Any CPU
		{FBA799D8-F57B-481A-8CB1-872EFDCEB1CD}.Debug|x64.ActiveCfg = Debug|Any CPU
		{FBA799D8-F57B-481A-8CB1-872EFDCEB1CD}.Debug|x64.Build.0 = Debug|Any CPU
		{FBA799D8-F57B-481A-8CB1-872EFDCEB1CD}.Debug|x86.ActiveCfg = Debug|Any CPU
		{FBA799D8-F57B-481A-8CB1-872EFDCEB1CD}.Debug|x86.Build.0 = Debug|Any CPU
		{FBA799D8-F57B-481A-8CB1-872EFDCEB1CD}.Release|Any CPU.ActiveCfg = Release|Any CPU
		{FBA799D8-F57B-481A-8CB1-872EFDCEB1CD}.Release|Any CPU.Build.0 = Release|Any CPU
		{FBA799D8-F57B-481A-8CB1-872EFDCEB1CD}.Release|x64.ActiveCfg = Release|Any CPU
		{FBA799D8-F57B-481A-8CB1-872EFDCEB1CD}.Release|x64.Build.0 = Release|Any CPU
		{FBA799D8-F57B-481A-8CB1-872EFDCEB1CD}.Release|x86.ActiveCfg = Release|Any CPU
		{FBA799D8-F57B-481A-8CB1-872EFDCEB1CD}.Release|x86.Build.0 = Release|Any CPU
		{5356BD1F-82A5-49B0-A968-95448674F5C9}.Debug|Any CPU.ActiveCfg = Debug|Any CPU
		{5356BD1F-82A5-49B0-A968-95448674F5C9}.Debug|Any CPU.Build.0 = Debug|Any CPU
		{5356BD1F-82A5-49B0-A968-95448674F5C9}.Debug|x64.ActiveCfg = Debug|Any CPU
		{5356BD1F-82A5-49B0-A968-95448674F5C9}.Debug|x64.Build.0 = Debug|Any CPU
		{5356BD1F-82A5-49B0-A968-95448674F5C9}.Debug|x86.ActiveCfg = Debug|Any CPU
		{5356BD1F-82A5-49B0-A968-95448674F5C9}.Debug|x86.Build.0 = Debug|Any CPU
		{5356BD1F-82A5-49B0-A968-95448674F5C9}.Release|Any CPU.ActiveCfg = Release|Any CPU
		{5356BD1F-82A5-49B0-A968-95448674F5C9}.Release|Any CPU.Build.0 = Release|Any CPU
		{5356BD1F-82A5-49B0-A968-95448674F5C9}.Release|x64.ActiveCfg = Release|Any CPU
		{5356BD1F-82A5-49B0-A968-95448674F5C9}.Release|x64.Build.0 = Release|Any CPU
		{5356BD1F-82A5-49B0-A968-95448674F5C9}.Release|x86.ActiveCfg = Release|Any CPU
		{5356BD1F-82A5-49B0-A968-95448674F5C9}.Release|x86.Build.0 = Release|Any CPU
		{8B1BD807-BAB5-427B-A26E-45032E040AE0}.Debug|Any CPU.ActiveCfg = Debug|Any CPU
		{8B1BD807-BAB5-427B-A26E-45032E040AE0}.Debug|Any CPU.Build.0 = Debug|Any CPU
		{8B1BD807-BAB5-427B-A26E-45032E040AE0}.Debug|x64.ActiveCfg = Debug|Any CPU
		{8B1BD807-BAB5-427B-A26E-45032E040AE0}.Debug|x64.Build.0 = Debug|Any CPU
		{8B1BD807-BAB5-427B-A26E-45032E040AE0}.Debug|x86.ActiveCfg = Debug|Any CPU
		{8B1BD807-BAB5-427B-A26E-45032E040AE0}.Debug|x86.Build.0 = Debug|Any CPU
		{8B1BD807-BAB5-427B-A26E-45032E040AE0}.Release|Any CPU.ActiveCfg = Release|Any CPU
		{8B1BD807-BAB5-427B-A26E-45032E040AE0}.Release|Any CPU.Build.0 = Release|Any CPU
		{8B1BD807-BAB5-427B-A26E-45032E040AE0}.Release|x64.ActiveCfg = Release|Any CPU
		{8B1BD807-BAB5-427B-A26E-45032E040AE0}.Release|x64.Build.0 = Release|Any CPU
		{8B1BD807-BAB5-427B-A26E-45032E040AE0}.Release|x86.ActiveCfg = Release|Any CPU
		{8B1BD807-BAB5-427B-A26E-45032E040AE0}.Release|x86.Build.0 = Release|Any CPU
		{AE4F2C15-31F0-4C97-B07A-E27C728D7648}.Debug|Any CPU.ActiveCfg = Debug|Any CPU
		{AE4F2C15-31F0-4C97-B07A-E27C728D7648}.Debug|Any CPU.Build.0 = Debug|Any CPU
		{AE4F2C15-31F0-4C97-B07A-E27C728D7648}.Debug|x64.ActiveCfg = Debug|Any CPU
		{AE4F2C15-31F0-4C97-B07A-E27C728D7648}.Debug|x64.Build.0 = Debug|Any CPU
		{AE4F2C15-31F0-4C97-B07A-E27C728D7648}.Debug|x86.ActiveCfg = Debug|Any CPU
		{AE4F2C15-31F0-4C97-B07A-E27C728D7648}.Debug|x86.Build.0 = Debug|Any CPU
		{AE4F2C15-31F0-4C97-B07A-E27C728D7648}.Release|Any CPU.ActiveCfg = Release|Any CPU
		{AE4F2C15-31F0-4C97-B07A-E27C728D7648}.Release|Any CPU.Build.0 = Release|Any CPU
		{AE4F2C15-31F0-4C97-B07A-E27C728D7648}.Release|x64.ActiveCfg = Release|Any CPU
		{AE4F2C15-31F0-4C97-B07A-E27C728D7648}.Release|x64.Build.0 = Release|Any CPU
		{AE4F2C15-31F0-4C97-B07A-E27C728D7648}.Release|x86.ActiveCfg = Release|Any CPU
		{AE4F2C15-31F0-4C97-B07A-E27C728D7648}.Release|x86.Build.0 = Release|Any CPU
		{67982B6C-2D9A-4386-B6EF-5CB1D86E98CD}.Debug|Any CPU.ActiveCfg = Debug|Any CPU
		{67982B6C-2D9A-4386-B6EF-5CB1D86E98CD}.Debug|Any CPU.Build.0 = Debug|Any CPU
		{67982B6C-2D9A-4386-B6EF-5CB1D86E98CD}.Debug|x64.ActiveCfg = Debug|Any CPU
		{67982B6C-2D9A-4386-B6EF-5CB1D86E98CD}.Debug|x64.Build.0 = Debug|Any CPU
		{67982B6C-2D9A-4386-B6EF-5CB1D86E98CD}.Debug|x86.ActiveCfg = Debug|Any CPU
		{67982B6C-2D9A-4386-B6EF-5CB1D86E98CD}.Debug|x86.Build.0 = Debug|Any CPU
		{67982B6C-2D9A-4386-B6EF-5CB1D86E98CD}.Release|Any CPU.ActiveCfg = Release|Any CPU
		{67982B6C-2D9A-4386-B6EF-5CB1D86E98CD}.Release|Any CPU.Build.0 = Release|Any CPU
		{67982B6C-2D9A-4386-B6EF-5CB1D86E98CD}.Release|x64.ActiveCfg = Release|Any CPU
		{67982B6C-2D9A-4386-B6EF-5CB1D86E98CD}.Release|x64.Build.0 = Release|Any CPU
		{67982B6C-2D9A-4386-B6EF-5CB1D86E98CD}.Release|x86.ActiveCfg = Release|Any CPU
		{67982B6C-2D9A-4386-B6EF-5CB1D86E98CD}.Release|x86.Build.0 = Release|Any CPU
		{682C3EF9-43C3-491D-BAC9-CF843231B43E}.Debug|Any CPU.ActiveCfg = Debug|Any CPU
		{682C3EF9-43C3-491D-BAC9-CF843231B43E}.Debug|Any CPU.Build.0 = Debug|Any CPU
		{682C3EF9-43C3-491D-BAC9-CF843231B43E}.Debug|x64.ActiveCfg = Debug|Any CPU
		{682C3EF9-43C3-491D-BAC9-CF843231B43E}.Debug|x64.Build.0 = Debug|Any CPU
		{682C3EF9-43C3-491D-BAC9-CF843231B43E}.Debug|x86.ActiveCfg = Debug|Any CPU
		{682C3EF9-43C3-491D-BAC9-CF843231B43E}.Debug|x86.Build.0 = Debug|Any CPU
		{682C3EF9-43C3-491D-BAC9-CF843231B43E}.Release|Any CPU.ActiveCfg = Release|Any CPU
		{682C3EF9-43C3-491D-BAC9-CF843231B43E}.Release|Any CPU.Build.0 = Release|Any CPU
		{682C3EF9-43C3-491D-BAC9-CF843231B43E}.Release|x64.ActiveCfg = Release|Any CPU
		{682C3EF9-43C3-491D-BAC9-CF843231B43E}.Release|x64.Build.0 = Release|Any CPU
		{682C3EF9-43C3-491D-BAC9-CF843231B43E}.Release|x86.ActiveCfg = Release|Any CPU
		{682C3EF9-43C3-491D-BAC9-CF843231B43E}.Release|x86.Build.0 = Release|Any CPU
		{31511EB5-5108-4830-81EA-22EE9D8592BD}.Debug|Any CPU.ActiveCfg = Debug|Any CPU
		{31511EB5-5108-4830-81EA-22EE9D8592BD}.Debug|Any CPU.Build.0 = Debug|Any CPU
		{31511EB5-5108-4830-81EA-22EE9D8592BD}.Debug|x64.ActiveCfg = Debug|Any CPU
		{31511EB5-5108-4830-81EA-22EE9D8592BD}.Debug|x64.Build.0 = Debug|Any CPU
		{31511EB5-5108-4830-81EA-22EE9D8592BD}.Debug|x86.ActiveCfg = Debug|Any CPU
		{31511EB5-5108-4830-81EA-22EE9D8592BD}.Debug|x86.Build.0 = Debug|Any CPU
		{31511EB5-5108-4830-81EA-22EE9D8592BD}.Release|Any CPU.ActiveCfg = Release|Any CPU
		{31511EB5-5108-4830-81EA-22EE9D8592BD}.Release|Any CPU.Build.0 = Release|Any CPU
		{31511EB5-5108-4830-81EA-22EE9D8592BD}.Release|x64.ActiveCfg = Release|Any CPU
		{31511EB5-5108-4830-81EA-22EE9D8592BD}.Release|x64.Build.0 = Release|Any CPU
		{31511EB5-5108-4830-81EA-22EE9D8592BD}.Release|x86.ActiveCfg = Release|Any CPU
		{31511EB5-5108-4830-81EA-22EE9D8592BD}.Release|x86.Build.0 = Release|Any CPU
		{28880B6A-31BC-4D55-A480-1F95F034A75A}.Debug|Any CPU.ActiveCfg = Debug|Any CPU
		{28880B6A-31BC-4D55-A480-1F95F034A75A}.Debug|Any CPU.Build.0 = Debug|Any CPU
		{28880B6A-31BC-4D55-A480-1F95F034A75A}.Debug|x64.ActiveCfg = Debug|Any CPU
		{28880B6A-31BC-4D55-A480-1F95F034A75A}.Debug|x64.Build.0 = Debug|Any CPU
		{28880B6A-31BC-4D55-A480-1F95F034A75A}.Debug|x86.ActiveCfg = Debug|Any CPU
		{28880B6A-31BC-4D55-A480-1F95F034A75A}.Debug|x86.Build.0 = Debug|Any CPU
		{28880B6A-31BC-4D55-A480-1F95F034A75A}.Release|Any CPU.ActiveCfg = Release|Any CPU
		{28880B6A-31BC-4D55-A480-1F95F034A75A}.Release|Any CPU.Build.0 = Release|Any CPU
		{28880B6A-31BC-4D55-A480-1F95F034A75A}.Release|x64.ActiveCfg = Release|Any CPU
		{28880B6A-31BC-4D55-A480-1F95F034A75A}.Release|x64.Build.0 = Release|Any CPU
		{28880B6A-31BC-4D55-A480-1F95F034A75A}.Release|x86.ActiveCfg = Release|Any CPU
		{28880B6A-31BC-4D55-A480-1F95F034A75A}.Release|x86.Build.0 = Release|Any CPU
	EndGlobalSection
	GlobalSection(SolutionProperties) = preSolution
		HideSolutionNode = FALSE
	EndGlobalSection
	GlobalSection(NestedProjects) = preSolution
		{C8E42992-5E42-0C2B-DBFE-AA848D06431C} = {827E0CD3-B72D-47B6-A68D-7590B98EB39B}
		{52EB94EE-0390-4CD2-BC0C-1F6732AEF72A} = {C8E42992-5E42-0C2B-DBFE-AA848D06431C}
		{FBA799D8-F57B-481A-8CB1-872EFDCEB1CD} = {C8E42992-5E42-0C2B-DBFE-AA848D06431C}
		{5356BD1F-82A5-49B0-A968-95448674F5C9} = {C8E42992-5E42-0C2B-DBFE-AA848D06431C}
		{8B1BD807-BAB5-427B-A26E-45032E040AE0} = {C8E42992-5E42-0C2B-DBFE-AA848D06431C}
		{AE4F2C15-31F0-4C97-B07A-E27C728D7648} = {C8E42992-5E42-0C2B-DBFE-AA848D06431C}
		{67982B6C-2D9A-4386-B6EF-5CB1D86E98CD} = {C8E42992-5E42-0C2B-DBFE-AA848D06431C}
		{682C3EF9-43C3-491D-BAC9-CF843231B43E} = {C8E42992-5E42-0C2B-DBFE-AA848D06431C}
		{9A2B3C4D-5E6F-7A8B-9C0D-1E2F3A4B5C6D} = {0AB3BF05-4346-4AA6-1389-037BE0695223}
		{31511EB5-5108-4830-81EA-22EE9D8592BD} = {0AB3BF05-4346-4AA6-1389-037BE0695223}
		{984BB9B3-3FA3-BE33-9484-CAC21695A33C} = {827E0CD3-B72D-47B6-A68D-7590B98EB39B}
		{28880B6A-31BC-4D55-A480-1F95F034A75A} = {0AB3BF05-4346-4AA6-1389-037BE0695223}
	EndGlobalSection
EndGlobal
